
Microsoft Visual Studio Solution File, Format Version 12.00
# Visual Studio 2013
VisualStudioVersion = 12.0.30501.0
MinimumVisualStudioVersion = 10.0.40219.1
Project("{FAE04EC0-301F-11D3-BF4B-00C04F79EFBC}") = "Domain", "Domain\Domain.csproj", "{FDC7303E-267D-4FBC-A49F-D32658437AE1}"
EndProject
Project("{FAE04EC0-301F-11D3-BF4B-00C04F79EFBC}") = "Domain.Tests", "Domain.Tests\Domain.Tests.csproj", "{A21FCEC3-C3EF-49B8-A7AB-E7B872B000A5}"
EndProject
Global
	GlobalSection(SolutionConfigurationPlatforms) = preSolution
		Debug|Any CPU = Debug|Any CPU
		Release|Any CPU = Release|Any CPU
	EndGlobalSection
	GlobalSection(ProjectConfigurationPlatforms) = postSolution
		{FDC7303E-267D-4FBC-A49F-D32658437AE1}.Debug|Any CPU.ActiveCfg = Debug|Any CPU
		{FDC7303E-267D-4FBC-A49F-D32658437AE1}.Debug|Any CPU.Build.0 = Debug|Any CPU
		{FDC7303E-267D-4FBC-A49F-D32658437AE1}.Release|Any CPU.ActiveCfg = Release|Any CPU
		{FDC7303E-267D-4FBC-A49F-D32658437AE1}.Release|Any CPU.Build.0 = Release|Any CPU
		{A21FCEC3-C3EF-49B8-A7AB-E7B872B000A5}.Debug|Any CPU.ActiveCfg = Debug|Any CPU
		{A21FCEC3-C3EF-49B8-A7AB-E7B872B000A5}.Debug|Any CPU.Build.0 = Debug|Any CPU
		{A21FCEC3-C3EF-49B8-A7AB-E7B872B000A5}.Release|Any CPU.ActiveCfg = Release|Any CPU
		{A21FCEC3-C3EF-49B8-A7AB-E7B872B000A5}.Release|Any CPU.Build.0 = Release|Any CPU
	EndGlobalSection
	GlobalSection(SolutionProperties) = preSolution
		HideSolutionNode = FALSE
	EndGlobalSection
EndGlobal
